// !$*UTF8*$!
{
	archiveVersion = 1;
	classes = {
	};
	objectVersion = 48;
	objects = {

/* Begin PBXBuildFile section */
		42BCF8F7865432570701565F /* Pods_SfPlus.framework in Frameworks */ = {isa = PBXBuildFile; fileRef = CE6140DC51F30999993BEAAF /* Pods_SfPlus.framework */; };
		C5667AE32049281A00CA1ADF /* AppDelegate.swift in Sources */ = {isa = PBXBuildFile; fileRef = C5667AE22049281A00CA1ADF /* AppDelegate.swift */; };
		C5667AE52049281A00CA1ADF /* ViewController.swift in Sources */ = {isa = PBXBuildFile; fileRef = C5667AE42049281A00CA1ADF /* ViewController.swift */; };
		C5667AE82049281A00CA1ADF /* Main.storyboard in Resources */ = {isa = PBXBuildFile; fileRef = C5667AE62049281A00CA1ADF /* Main.storyboard */; };
		C5667AEA2049281A00CA1ADF /* Assets.xcassets in Resources */ = {isa = PBXBuildFile; fileRef = C5667AE92049281A00CA1ADF /* Assets.xcassets */; };
		C5667AED2049281A00CA1ADF /* LaunchScreen.storyboard in Resources */ = {isa = PBXBuildFile; fileRef = C5667AEB2049281A00CA1ADF /* LaunchScreen.storyboard */; };
/* End PBXBuildFile section */

/* Begin PBXFileReference section */
		2EA78CE9A576B8AAB94A4793 /* Pods-SfPlus.debug.xcconfig */ = {isa = PBXFileReference; includeInIndex = 1; lastKnownFileType = text.xcconfig; name = "Pods-SfPlus.debug.xcconfig"; path = "Pods/Target Support Files/Pods-SfPlus/Pods-SfPlus.debug.xcconfig"; sourceTree = "<group>"; };
		48C0CB9F9F64DB1956AEB48A /* Pods-SfPlus.release.xcconfig */ = {isa = PBXFileReference; includeInIndex = 1; lastKnownFileType = text.xcconfig; name = "Pods-SfPlus.release.xcconfig"; path = "Pods/Target Support Files/Pods-SfPlus/Pods-SfPlus.release.xcconfig"; sourceTree = "<group>"; };
		C5667ADF2049281A00CA1ADF /* SfPlus.app */ = {isa = PBXFileReference; explicitFileType = wrapper.application; includeInIndex = 0; path = SfPlus.app; sourceTree = BUILT_PRODUCTS_DIR; };
		C5667AE22049281A00CA1ADF /* AppDelegate.swift */ = {isa = PBXFileReference; lastKnownFileType = sourcecode.swift; path = AppDelegate.swift; sourceTree = "<group>"; };
		C5667AE42049281A00CA1ADF /* ViewController.swift */ = {isa = PBXFileReference; lastKnownFileType = sourcecode.swift; path = ViewController.swift; sourceTree = "<group>"; };
		C5667AE72049281A00CA1ADF /* Base */ = {isa = PBXFileReference; lastKnownFileType = file.storyboard; name = Base; path = Base.lproj/Main.storyboard; sourceTree = "<group>"; };
		C5667AE92049281A00CA1ADF /* Assets.xcassets */ = {isa = PBXFileReference; lastKnownFileType = folder.assetcatalog; path = Assets.xcassets; sourceTree = "<group>"; };
		C5667AEC2049281A00CA1ADF /* Base */ = {isa = PBXFileReference; lastKnownFileType = file.storyboard; name = Base; path = Base.lproj/LaunchScreen.storyboard; sourceTree = "<group>"; };
		C5667AEE2049281B00CA1ADF /* Info.plist */ = {isa = PBXFileReference; lastKnownFileType = text.plist.xml; path = Info.plist; sourceTree = "<group>"; };
		CE6140DC51F30999993BEAAF /* Pods_SfPlus.framework */ = {isa = PBXFileReference; explicitFileType = wrapper.framework; includeInIndex = 0; path = Pods_SfPlus.framework; sourceTree = BUILT_PRODUCTS_DIR; };
/* End PBXFileReference section */

/* Begin PBXFrameworksBuildPhase section */
		C5667ADC2049281A00CA1ADF /* Frameworks */ = {
			isa = PBXFrameworksBuildPhase;
			buildActionMask = 2147483647;
			files = (
				42BCF8F7865432570701565F /* Pods_SfPlus.framework in Frameworks */,
			);
			runOnlyForDeploymentPostprocessing = 0;
		};
/* End PBXFrameworksBuildPhase section */

/* Begin PBXGroup section */
		9EFF53FEE49E745CA6E6D88C /* Frameworks */ = {
			isa = PBXGroup;
			children = (
				CE6140DC51F30999993BEAAF /* Pods_SfPlus.framework */,
			);
			name = Frameworks;
			sourceTree = "<group>";
		};
		A1A7D1F1E60DC969043DC973 /* Pods */ = {
			isa = PBXGroup;
			children = (
				2EA78CE9A576B8AAB94A4793 /* Pods-SfPlus.debug.xcconfig */,
				48C0CB9F9F64DB1956AEB48A /* Pods-SfPlus.release.xcconfig */,
			);
			name = Pods;
			sourceTree = "<group>";
		};
		C5667AD62049281A00CA1ADF = {
			isa = PBXGroup;
			children = (
				C5667AE12049281A00CA1ADF /* SfPlus */,
				C5667AE02049281A00CA1ADF /* Products */,
				A1A7D1F1E60DC969043DC973 /* Pods */,
				9EFF53FEE49E745CA6E6D88C /* Frameworks */,
			);
			sourceTree = "<group>";
		};
		C5667AE02049281A00CA1ADF /* Products */ = {
			isa = PBXGroup;
			children = (
				C5667ADF2049281A00CA1ADF /* SfPlus.app */,
			);
			name = Products;
			sourceTree = "<group>";
		};
		C5667AE12049281A00CA1ADF /* SfPlus */ = {
			isa = PBXGroup;
			children = (
				C5667AE22049281A00CA1ADF /* AppDelegate.swift */,
				C5667AE42049281A00CA1ADF /* ViewController.swift */,
				C5667AE62049281A00CA1ADF /* Main.storyboard */,
				C5667AE92049281A00CA1ADF /* Assets.xcassets */,
				C5667AEB2049281A00CA1ADF /* LaunchScreen.storyboard */,
				C5667AEE2049281B00CA1ADF /* Info.plist */,
			);
			path = SfPlus;
			sourceTree = "<group>";
		};
/* End PBXGroup section */

/* Begin PBXNativeTarget section */
		C5667ADE2049281A00CA1ADF /* SfPlus */ = {
			isa = PBXNativeTarget;
			buildConfigurationList = C5667AF12049281B00CA1ADF /* Build configuration list for PBXNativeTarget "SfPlus" */;
			buildPhases = (
				19BD0E12AB248BB60261B243 /* [CP] Check Pods Manifest.lock */,
				C5667ADB2049281A00CA1ADF /* Sources */,
				C5667ADC2049281A00CA1ADF /* Frameworks */,
				C5667ADD2049281A00CA1ADF /* Resources */,
				66A942DCD7AACAE82E5BC81B /* [CP] Embed Pods Frameworks */,
				374EDE602F8BC7944318D03E /* [CP] Copy Pods Resources */,
			);
			buildRules = (
			);
			dependencies = (
			);
			name = SfPlus;
			productName = SfPlus;
			productReference = C5667ADF2049281A00CA1ADF /* SfPlus.app */;
			productType = "com.apple.product-type.application";
		};
/* End PBXNativeTarget section */

/* Begin PBXProject section */
		C5667AD72049281A00CA1ADF /* Project object */ = {
			isa = PBXProject;
			attributes = {
				LastSwiftUpdateCheck = 0920;
				LastUpgradeCheck = 0920;
				ORGANIZATIONNAME = "Provision Technology";
				TargetAttributes = {
					C5667ADE2049281A00CA1ADF = {
						CreatedOnToolsVersion = 9.2;
						ProvisioningStyle = Automatic;
					};
				};
			};
			buildConfigurationList = C5667ADA2049281A00CA1ADF /* Build configuration list for PBXProject "SfPlus" */;
			compatibilityVersion = "Xcode 8.0";
			developmentRegion = en;
			hasScannedForEncodings = 0;
			knownRegions = (
				en,
				Base,
			);
			mainGroup = C5667AD62049281A00CA1ADF;
			productRefGroup = C5667AE02049281A00CA1ADF /* Products */;
			projectDirPath = "";
			projectRoot = "";
			targets = (
				C5667ADE2049281A00CA1ADF /* SfPlus */,
			);
		};
/* End PBXProject section */

/* Begin PBXResourcesBuildPhase section */
		C5667ADD2049281A00CA1ADF /* Resources */ = {
			isa = PBXResourcesBuildPhase;
			buildActionMask = 2147483647;
			files = (
				C5667AED2049281A00CA1ADF /* LaunchScreen.storyboard in Resources */,
				C5667AEA2049281A00CA1ADF /* Assets.xcassets in Resources */,
				C5667AE82049281A00CA1ADF /* Main.storyboard in Resources */,
			);
			runOnlyForDeploymentPostprocessing = 0;
		};
/* End PBXResourcesBuildPhase section */

/* Begin PBXShellScriptBuildPhase section */
		19BD0E12AB248BB60261B243 /* [CP] Check Pods Manifest.lock */ = {
			isa = PBXShellScriptBuildPhase;
			buildActionMask = 2147483647;
			files = (
			);
			inputPaths = (
				"${PODS_PODFILE_DIR_PATH}/Podfile.lock",
				"${PODS_ROOT}/Manifest.lock",
			);
			name = "[CP] Check Pods Manifest.lock";
			outputPaths = (
				"$(DERIVED_FILE_DIR)/Pods-SfPlus-checkManifestLockResult.txt",
			);
			runOnlyForDeploymentPostprocessing = 0;
			shellPath = /bin/sh;
			shellScript = "diff \"${PODS_PODFILE_DIR_PATH}/Podfile.lock\" \"${PODS_ROOT}/Manifest.lock\" > /dev/null\nif [ $? != 0 ] ; then\n    # print error to STDERR\n    echo \"error: The sandbox is not in sync with the Podfile.lock. Run 'pod install' or update your CocoaPods installation.\" >&2\n    exit 1\nfi\n# This output is used by Xcode 'outputs' to avoid re-running this script phase.\necho \"SUCCESS\" > \"${SCRIPT_OUTPUT_FILE_0}\"\n";
			showEnvVarsInLog = 0;
		};
		374EDE602F8BC7944318D03E /* [CP] Copy Pods Resources */ = {
			isa = PBXShellScriptBuildPhase;
			buildActionMask = 2147483647;
			files = (
			);
			inputPaths = (
			);
			name = "[CP] Copy Pods Resources";
			outputPaths = (
			);
			runOnlyForDeploymentPostprocessing = 0;
			shellPath = /bin/sh;
			shellScript = "\"${SRCROOT}/Pods/Target Support Files/Pods-SfPlus/Pods-SfPlus-resources.sh\"\n";
			showEnvVarsInLog = 0;
		};
		66A942DCD7AACAE82E5BC81B /* [CP] Embed Pods Frameworks */ = {
			isa = PBXShellScriptBuildPhase;
			buildActionMask = 2147483647;
			files = (
			);
			inputPaths = (
				"${SRCROOT}/Pods/Target Support Files/Pods-SfPlus/Pods-SfPlus-frameworks.sh",
				"${BUILT_PRODUCTS_DIR}/ChameleonFramework/ChameleonFramework.framework",
				"${BUILT_PRODUCTS_DIR}/GTMSessionFetcher/GTMSessionFetcher.framework",
				"${BUILT_PRODUCTS_DIR}/GoogleToolboxForMac/GoogleToolboxForMac.framework",
				"${BUILT_PRODUCTS_DIR}/SVProgressHUD/SVProgressHUD.framework",
			);
			name = "[CP] Embed Pods Frameworks";
			outputPaths = (
				"${TARGET_BUILD_DIR}/${FRAMEWORKS_FOLDER_PATH}/ChameleonFramework.framework",
				"${TARGET_BUILD_DIR}/${FRAMEWORKS_FOLDER_PATH}/GTMSessionFetcher.framework",
				"${TARGET_BUILD_DIR}/${FRAMEWORKS_FOLDER_PATH}/GoogleToolboxForMac.framework",
				"${TARGET_BUILD_DIR}/${FRAMEWORKS_FOLDER_PATH}/SVProgressHUD.framework",
			);
			runOnlyForDeploymentPostprocessing = 0;
			shellPath = /bin/sh;
			shellScript = "\"${SRCROOT}/Pods/Target Support Files/Pods-SfPlus/Pods-SfPlus-frameworks.sh\"\n";
			showEnvVarsInLog = 0;
		};
/* End PBXShellScriptBuildPhase section */

/* Begin PBXSourcesBuildPhase section */
		C5667ADB2049281A00CA1ADF /* Sources */ = {
			isa = PBXSourcesBuildPhase;
			buildActionMask = 2147483647;
			files = (
				C5667AE52049281A00CA1ADF /* ViewController.swift in Sources */,
				C5667AE32049281A00CA1ADF /* AppDelegate.swift in Sources */,
			);
			runOnlyForDeploymentPostprocessing = 0;
		};
/* End PBXSourcesBuildPhase section */

/* Begin PBXVariantGroup section */
		C5667AE62049281A00CA1ADF /* Main.storyboard */ = {
			isa = PBXVariantGroup;
			children = (
				C5667AE72049281A00CA1ADF /* Base */,
			);
			name = Main.storyboard;
			sourceTree = "<group>";
		};
		C5667AEB2049281A00CA1ADF /* LaunchScreen.storyboard */ = {
			isa = PBXVariantGroup;
			children = (
				C5667AEC2049281A00CA1ADF /* Base */,
			);
			name = LaunchScreen.storyboard;
			sourceTree = "<group>";
		};
/* End PBXVariantGroup section */

/* Begin XCBuildConfiguration section */
		C5667AEF2049281B00CA1ADF /* Debug */ = {
			isa = XCBuildConfiguration;
			buildSettings = {
				ALWAYS_SEARCH_USER_PATHS = NO;
				CLANG_ANALYZER_NONNULL = YES;
				CLANG_ANALYZER_NUMBER_OBJECT_CONVERSION = YES_AGGRESSIVE;
				CLANG_CXX_LANGUAGE_STANDARD = "gnu++14";
				CLANG_CXX_LIBRARY = "libc++";
				CLANG_ENABLE_MODULES = YES;
				CLANG_ENABLE_OBJC_ARC = YES;
				CLANG_WARN_BLOCK_CAPTURE_AUTORELEASING = YES;
				CLANG_WARN_BOOL_CONVERSION = YES;
				CLANG_WARN_COMMA = YES;
				CLANG_WARN_CONSTANT_CONVERSION = YES;
				CLANG_WARN_DIRECT_OBJC_ISA_USAGE = YES_ERROR;
				CLANG_WARN_DOCUMENTATION_COMMENTS = YES;
				CLANG_WARN_EMPTY_BODY = YES;
				CLANG_WARN_ENUM_CONVERSION = YES;
				CLANG_WARN_INFINITE_RECURSION = YES;
				CLANG_WARN_INT_CONVERSION = YES;
				CLANG_WARN_NON_LITERAL_NULL_CONVERSION = YES;
				CLANG_WARN_OBJC_LITERAL_CONVERSION = YES;
				CLANG_WARN_OBJC_ROOT_CLASS = YES_ERROR;
				CLANG_WARN_RANGE_LOOP_ANALYSIS = YES;
				CLANG_WARN_STRICT_PROTOTYPES = YES;
				CLANG_WARN_SUSPICIOUS_MOVE = YES;
				CLANG_WARN_UNGUARDED_AVAILABILITY = YES_AGGRESSIVE;
				CLANG_WARN_UNREACHABLE_CODE = YES;
				CLANG_WARN__DUPLICATE_METHOD_MATCH = YES;
				CODE_SIGN_IDENTITY = "iPhone Developer";
				COPY_PHASE_STRIP = NO;
				DEBUG_INFORMATION_FORMAT = dwarf;
				ENABLE_STRICT_OBJC_MSGSEND = YES;
				ENABLE_TESTABILITY = YES;
				GCC_C_LANGUAGE_STANDARD = gnu11;
				GCC_DYNAMIC_NO_PIC = NO;
				GCC_NO_COMMON_BLOCKS = YES;
				GCC_OPTIMIZATION_LEVEL = 0;
				GCC_PREPROCESSOR_DEFINITIONS = (
					"DEBUG=1",
					"$(inherited)",
				);
				GCC_WARN_64_TO_32_BIT_CONVERSION = YES;
				GCC_WARN_ABOUT_RETURN_TYPE = YES_ERROR;
				GCC_WARN_UNDECLARED_SELECTOR = YES;
				GCC_WARN_UNINITIALIZED_AUTOS = YES_AGGRESSIVE;
				GCC_WARN_UNUSED_FUNCTION = YES;
				GCC_WARN_UNUSED_VARIABLE = YES;
				IPHONEOS_DEPLOYMENT_TARGET = 11.2;
				MTL_ENABLE_DEBUG_INFO = YES;
				ONLY_ACTIVE_ARCH = YES;
				SDKROOT = iphoneos;
				SWIFT_ACTIVE_COMPILATION_CONDITIONS = DEBUG;
				SWIFT_OPTIMIZATION_LEVEL = "-Onone";
			};
			name = Debug;
		};
		C5667AF02049281B00CA1ADF /* Release */ = {
			isa = XCBuildConfiguration;
			buildSettings = {
				ALWAYS_SEARCH_USER_PATHS = NO;
				CLANG_ANALYZER_NONNULL = YES;
				CLANG_ANALYZER_NUMBER_OBJECT_CONVERSION = YES_AGGRESSIVE;
				CLANG_CXX_LANGUAGE_STANDARD = "gnu++14";
				CLANG_CXX_LIBRARY = "libc++";
				CLANG_ENABLE_MODULES = YES;
				CLANG_ENABLE_OBJC_ARC = YES;
				CLANG_WARN_BLOCK_CAPTURE_AUTORELEASING = YES;
				CLANG_WARN_BOOL_CONVERSION = YES;
				CLANG_WARN_COMMA = YES;
				CLANG_WARN_CONSTANT_CONVERSION = YES;
				CLANG_WARN_DIRECT_OBJC_ISA_USAGE = YES_ERROR;
				CLANG_WARN_DOCUMENTATION_COMMENTS = YES;
				CLANG_WARN_EMPTY_BODY = YES;
				CLANG_WARN_ENUM_CONVERSION = YES;
				CLANG_WARN_INFINITE_RECURSION = YES;
				CLANG_WARN_INT_CONVERSION = YES;
				CLANG_WARN_NON_LITERAL_NULL_CONVERSION = YES;
				CLANG_WARN_OBJC_LITERAL_CONVERSION = YES;
				CLANG_WARN_OBJC_ROOT_CLASS = YES_ERROR;
				CLANG_WARN_RANGE_LOOP_ANALYSIS = YES;
				CLANG_WARN_STRICT_PROTOTYPES = YES;
				CLANG_WARN_SUSPICIOUS_MOVE = YES;
				CLANG_WARN_UNGUARDED_AVAILABILITY = YES_AGGRESSIVE;
				CLANG_WARN_UNREACHABLE_CODE = YES;
				CLANG_WARN__DUPLICATE_METHOD_MATCH = YES;
				CODE_SIGN_IDENTITY = "iPhone Developer";
				COPY_PHASE_STRIP = NO;
				DEBUG_INFORMATION_FORMAT = "dwarf-with-dsym";
				ENABLE_NS_ASSERTIONS = NO;
				ENABLE_STRICT_OBJC_MSGSEND = YES;
				GCC_C_LANGUAGE_STANDARD = gnu11;
				GCC_NO_COMMON_BLOCKS = YES;
				GCC_WARN_64_TO_32_BIT_CONVERSION = YES;
				GCC_WARN_ABOUT_RETURN_TYPE = YES_ERROR;
				GCC_WARN_UNDECLARED_SELECTOR = YES;
				GCC_WARN_UNINITIALIZED_AUTOS = YES_AGGRESSIVE;
				GCC_WARN_UNUSED_FUNCTION = YES;
				GCC_WARN_UNUSED_VARIABLE = YES;
				IPHONEOS_DEPLOYMENT_TARGET = 11.2;
				MTL_ENABLE_DEBUG_INFO = NO;
				SDKROOT = iphoneos;
				SWIFT_OPTIMIZATION_LEVEL = "-Owholemodule";
				VALIDATE_PRODUCT = YES;
			};
			name = Release;
		};
		C5667AF22049281B00CA1ADF /* Debug */ = {
			isa = XCBuildConfiguration;
			baseConfigurationReference = 2EA78CE9A576B8AAB94A4793 /* Pods-SfPlus.debug.xcconfig */;
			buildSettings = {
				ASSETCATALOG_COMPILER_APPICON_NAME = AppIcon;
				CODE_SIGN_STYLE = Automatic;
				DEVELOPMENT_TEAM = 54H79K5WM7;
				INFOPLIST_FILE = SfPlus/Info.plist;
				LD_RUNPATH_SEARCH_PATHS = "$(inherited) @executable_path/Frameworks";
				PRODUCT_BUNDLE_IDENTIFIER = com.provision2u.SfPlus;
				PRODUCT_NAME = "$(TARGET_NAME)";
				SWIFT_VERSION = 4.0;
				TARGETED_DEVICE_FAMILY = "1,2";
			};
			name = Debug;
		};
		C5667AF32049281B00CA1ADF /* Release */ = {
			isa = XCBuildConfiguration;
			baseConfigurationReference = 48C0CB9F9F64DB1956AEB48A /* Pods-SfPlus.release.xcconfig */;
			buildSettings = {
				ASSETCATALOG_COMPILER_APPICON_NAME = AppIcon;
				CODE_SIGN_STYLE = Automatic;
				DEVELOPMENT_TEAM = 54H79K5WM7;
				INFOPLIST_FILE = SfPlus/Info.plist;
				LD_RUNPATH_SEARCH_PATHS = "$(inherited) @executable_path/Frameworks";
				PRODUCT_BUNDLE_IDENTIFIER = com.provision2u.SfPlus;
				PRODUCT_NAME = "$(TARGET_NAME)";
				SWIFT_VERSION = 4.0;
				TARGETED_DEVICE_FAMILY = "1,2";
			};
			name = Release;
		};
/* End XCBuildConfiguration section */

/* Begin XCConfigurationList section */
		C5667ADA2049281A00CA1ADF /* Build configuration list for PBXProject "SfPlus" */ = {
			isa = XCConfigurationList;
			buildConfigurations = (
				C5667AEF2049281B00CA1ADF /* Debug */,
				C5667AF02049281B00CA1ADF /* Release */,
			);
			defaultConfigurationIsVisible = 0;
			defaultConfigurationName = Release;
		};
		C5667AF12049281B00CA1ADF /* Build configuration list for PBXNativeTarget "SfPlus" */ = {
			isa = XCConfigurationList;
			buildConfigurations = (
				C5667AF22049281B00CA1ADF /* Debug */,
				C5667AF32049281B00CA1ADF /* Release */,
			);
			defaultConfigurationIsVisible = 0;
			defaultConfigurationName = Release;
		};
/* End XCConfigurationList section */
	};
	rootObject = C5667AD72049281A00CA1ADF /* Project object */;
}
